{
  "name": "Senior-Project",
  "lockfileVersion": 3,
  "requires": true,
  "packages": {
    "": {
      "dependencies": {
        "react-color-palette": "^7.3.0"
      }
    },
    "node_modules/react": {
      "version": "19.0.0",
      "resolved": "https://registry.npmjs.org/react/-/react-19.0.0.tgz",
      "integrity": "sha512-V8AVnmPIICiWpGfm6GLzCR/W5FXLchHop40W4nXBmdlEceh16rCN8O8LNWm5bh5XUX91fh7KpA+W0TgMKmgTpQ==",
      "peer": true,
      "engines": {
        "node": ">=0.10.0"
      }
    },
    "node_modules/react-color-palette": {
      "version": "7.3.0",
      "resolved": "https://registry.npmjs.org/react-color-palette/-/react-color-palette-7.3.0.tgz",
      "integrity": "sha512-GCgz+XEcbyFkq5wVvrPiXp8mUnOI3oObtmOtsZBCpDXgzHcDCJdssW8lTtVXbUqodo6pOw6pwYQRlXpi/ekkzQ==",
      "engines": {
        "node": ">=10"
      },
      "peerDependencies": {
        "react": ">=16.8"
      }
    }
  }
}
